
Microsoft Visual Studio Solution File, Format Version 12.00
# Visual Studio 14
VisualStudioVersion = 14.0.25420.1
MinimumVisualStudioVersion = 10.0.40219.1
Project("{2150E333-8FDC-42A3-9474-1A3956D46DE8}") = ".paket", ".paket", "{4ECAE84A-42A7-4BC0-AD36-43B7E6222897}"
	ProjectSection(SolutionItems) = preProject
		paket.dependencies = paket.dependencies
	EndProjectSection
EndProject
Project("{FAE04EC0-301F-11D3-BF4B-00C04F79EFBC}") = "Bars.Gkh.Qa.TestScenarios", "qa\Bars.Gkh.Qa.TestScenarios\Bars.Gkh.Qa.TestScenarios.csproj", "{AD4CE439-C0A8-4FC5-9E5B-E7713C1F7766}"
EndProject
Project("{FAE04EC0-301F-11D3-BF4B-00C04F79EFBC}") = "Bars.Gkh.Qa.Steps", "qa\Bars.Gkh.Qa.Steps\Bars.Gkh.Qa.Steps.csproj", "{A6FCFECA-AA62-4B98-8589-202F4B63CD43}"
EndProject
Project("{FAE04EC0-301F-11D3-BF4B-00C04F79EFBC}") = "Bars.Gkh.Qa.Utils", "qa\Bars.Gkh.Qa.Utils\Bars.Gkh.Qa.Utils.csproj", "{D0804935-1FC3-445F-843B-1275A1043464}"
EndProject
Global
	GlobalSection(SolutionConfigurationPlatforms) = preSolution
		Debug|Any CPU = Debug|Any CPU
		Release|Any CPU = Release|Any CPU
	EndGlobalSection
	GlobalSection(ProjectConfigurationPlatforms) = postSolution
		{AD4CE439-C0A8-4FC5-9E5B-E7713C1F7766}.Debug|Any CPU.ActiveCfg = Debug|Any CPU
		{AD4CE439-C0A8-4FC5-9E5B-E7713C1F7766}.Debug|Any CPU.Build.0 = Debug|Any CPU
		{AD4CE439-C0A8-4FC5-9E5B-E7713C1F7766}.Release|Any CPU.ActiveCfg = Release|Any CPU
		{AD4CE439-C0A8-4FC5-9E5B-E7713C1F7766}.Release|Any CPU.Build.0 = Release|Any CPU
		{A6FCFECA-AA62-4B98-8589-202F4B63CD43}.Debug|Any CPU.ActiveCfg = Debug|Any CPU
		{A6FCFECA-AA62-4B98-8589-202F4B63CD43}.Debug|Any CPU.Build.0 = Debug|Any CPU
		{A6FCFECA-AA62-4B98-8589-202F4B63CD43}.Release|Any CPU.ActiveCfg = Release|Any CPU
		{A6FCFECA-AA62-4B98-8589-202F4B63CD43}.Release|Any CPU.Build.0 = Release|Any CPU
		{D0804935-1FC3-445F-843B-1275A1043464}.Debug|Any CPU.ActiveCfg = Debug|Any CPU
		{D0804935-1FC3-445F-843B-1275A1043464}.Debug|Any CPU.Build.0 = Debug|Any CPU
		{D0804935-1FC3-445F-843B-1275A1043464}.Release|Any CPU.ActiveCfg = Release|Any CPU
		{D0804935-1FC3-445F-843B-1275A1043464}.Release|Any CPU.Build.0 = Release|Any CPU
	EndGlobalSection
	GlobalSection(SolutionProperties) = preSolution
		HideSolutionNode = FALSE
	EndGlobalSection
EndGlobal
