
Microsoft Visual Studio Solution File, Format Version 12.00
# Visual Studio 2013
VisualStudioVersion = 12.0.31101.0
MinimumVisualStudioVersion = 10.0.40219.1
Project("{2150E333-8FDC-42A3-9474-1A3956D46DE8}") = ".paket", ".paket", "{0713AE42-6E47-405A-884D-943DC337AC40}"
	ProjectSection(SolutionItems) = preProject
		..\paket.dependencies = ..\paket.dependencies
	EndProjectSection
EndProject
Project("{FAE04EC0-301F-11D3-BF4B-00C04F79EFBC}") = "Bars.Gkh.RegOperator.Qa.TestScenarios", "Bars.Gkh.RegOperator.Qa.TestScenarios\Bars.Gkh.RegOperator.Qa.TestScenarios.csproj", "{14768931-9AB2-41F9-88D0-334D74F4C8CC}"
EndProject
Project("{FAE04EC0-301F-11D3-BF4B-00C04F79EFBC}") = "Bars.Gkh.RegOperator.Qa.AuthorizationSteps", "Bars.Gkh.RegOperator.Qa.AuthorizationSteps\Bars.Gkh.RegOperator.Qa.AuthorizationSteps.csproj", "{8E851541-78BE-4EB2-8160-716F303D086E}"
EndProject
Project("{FAE04EC0-301F-11D3-BF4B-00C04F79EFBC}") = "Bars.Gkh.Qa.Utils", "Bars.Gkh.Qa.Utils\Bars.Gkh.Qa.Utils.csproj", "{D0804935-1FC3-445F-843B-1275A1043464}"
EndProject
Global
	GlobalSection(SolutionConfigurationPlatforms) = preSolution
		Debug|Any CPU = Debug|Any CPU
		Release|Any CPU = Release|Any CPU
	EndGlobalSection
	GlobalSection(ProjectConfigurationPlatforms) = postSolution
		{14768931-9AB2-41F9-88D0-334D74F4C8CC}.Debug|Any CPU.ActiveCfg = Debug|Any CPU
		{14768931-9AB2-41F9-88D0-334D74F4C8CC}.Debug|Any CPU.Build.0 = Debug|Any CPU
		{14768931-9AB2-41F9-88D0-334D74F4C8CC}.Release|Any CPU.ActiveCfg = Release|Any CPU
		{14768931-9AB2-41F9-88D0-334D74F4C8CC}.Release|Any CPU.Build.0 = Release|Any CPU
		{8E851541-78BE-4EB2-8160-716F303D086E}.Debug|Any CPU.ActiveCfg = Debug|Any CPU
		{8E851541-78BE-4EB2-8160-716F303D086E}.Debug|Any CPU.Build.0 = Debug|Any CPU
		{8E851541-78BE-4EB2-8160-716F303D086E}.Release|Any CPU.ActiveCfg = Release|Any CPU
		{8E851541-78BE-4EB2-8160-716F303D086E}.Release|Any CPU.Build.0 = Release|Any CPU
		{D0804935-1FC3-445F-843B-1275A1043464}.Debug|Any CPU.ActiveCfg = Debug|Any CPU
		{D0804935-1FC3-445F-843B-1275A1043464}.Debug|Any CPU.Build.0 = Debug|Any CPU
		{D0804935-1FC3-445F-843B-1275A1043464}.Release|Any CPU.ActiveCfg = Release|Any CPU
		{D0804935-1FC3-445F-843B-1275A1043464}.Release|Any CPU.Build.0 = Release|Any CPU
	EndGlobalSection
	GlobalSection(SolutionProperties) = preSolution
		HideSolutionNode = FALSE
	EndGlobalSection
EndGlobal
